
Microsoft Visual Studio Solution File, Format Version 12.00
# Visual Studio Version 17
VisualStudioVersion = 17.0.32014.148
MinimumVisualStudioVersion = 10.0.40219.1
Project("{9A19103F-16F7-4668-BE54-9A1E7A4F7556}") = "Emby.Bulky", "Emby.Bulky.csproj", "{29089A70-2DF7-46C7-B8AE-C34BC8813314}"
EndProject
Global
	GlobalSection(SolutionConfigurationPlatforms) = preSolution
		Debug|Any CPU = Debug|Any CPU
		Release|Any CPU = Release|Any CPU
	EndGlobalSection
	GlobalSection(ProjectConfigurationPlatforms) = postSolution
		{29089A70-2DF7-46C7-B8AE-C34BC8813314}.Debug|Any CPU.ActiveCfg = Debug|Any CPU
		{29089A70-2DF7-46C7-B8AE-C34BC8813314}.Debug|Any CPU.Build.0 = Debug|Any CPU
		{29089A70-2DF7-46C7-B8AE-C34BC8813314}.Release|Any CPU.ActiveCfg = Release|Any CPU
		{29089A70-2DF7-46C7-B8AE-C34BC8813314}.Release|Any CPU.Build.0 = Release|Any CPU
	EndGlobalSection
	GlobalSection(SolutionProperties) = preSolution
		HideSolutionNode = FALSE
	EndGlobalSection
	GlobalSection(ExtensibilityGlobals) = postSolution
		SolutionGuid = {B50816CB-A8CB-4960-9558-4A8BAD9B7D35}
	EndGlobalSection
EndGlobal
